PODS:
  - AFNetworking (1.3.1)
  - MSVCLeakHunter (1.0.0)
  - NSData+Base64 (1.0.0)
  - OROpenSubtitleDownloader (0.0.1):
    - AFNetworking
    - xmlrpc
  - PutioKit (0.1):
    - AFNetworking (~> 1.0)
  - SEHumanizedTimeDiff (0.0.1)
  - xmlrpc (2.3.3):
    - NSData+Base64 (~> 1.0.0)

DEPENDENCIES:
  - MSVCLeakHunter
  - OROpenSubtitleDownloader (from `vendor/OROpenSubtitleDownloader.podspec`)
  - PutioKit (from `git@github.com:kishorek/PutioKit.git`)
  - SEHumanizedTimeDiff

EXTERNAL SOURCES:
  OROpenSubtitleDownloader:
    :podspec: vendor/OROpenSubtitleDownloader.podspec
  PutioKit:
    :git: git@github.com:kishorek/PutioKit.git

SPEC CHECKSUMS:
  AFNetworking: 9ec8aafb9269236a7630bd8d9838ce2ba30fa2a0
  MSVCLeakHunter: 536bf530cabe2ed908f1a0ad0410f8525040c3b6
  NSData+Base64: 36c4e5b6479259c1a68866ccd2a8dd385c9744f7
  OROpenSubtitleDownloader: 874b34f1556bdc5435fc1ca03252bb61ea33b3a2
  PutioKit: de585b6dc650841e4199372a20fb821d286399ef
  SEHumanizedTimeDiff: 7d8cee4dd4f295e6c4a1d6fb8b4658f028417539
  xmlrpc: 9ebaa6298ce90ff0c3c30404681f2030bdde54db

COCOAPODS: 0.22.2
